{
    "requires": true,
    "lockfileVersion": 1,
    "dependencies": {
        "sweetalert2": {
            "version": "10.10.1",
            "resolved": "https://registry.npmjs.org/sweetalert2/-/sweetalert2-10.10.1.tgz",
            "integrity": "sha512-lUdjFEE3ZKJ9OIhIZ1v3yAMwC5gGsBz5N/+FvTVY0Ttw+ZVcoIIPX2K4V+p+PKnFChm0Pan1j8xwYLgcvt0O7g=="
        }
    }
}
